
Microsoft Visual Studio Solution File, Format Version 12.00
# Visual Studio Version 17
VisualStudioVersion = 17.5.002.0
MinimumVisualStudioVersion = 10.0.40219.1
Project("{9A19103F-16F7-4668-BE54-9A1E7A4F7556}") = "EntradaValida", "EntradaValida.csproj", "{3CE659BD-F1A9-400D-9E76-A19FD76B4B5E}"
EndProject
Global
	GlobalSection(SolutionConfigurationPlatforms) = preSolution
		Debug|Any CPU = Debug|Any CPU
		Release|Any CPU = Release|Any CPU
	EndGlobalSection
	GlobalSection(ProjectConfigurationPlatforms) = postSolution
		{3CE659BD-F1A9-400D-9E76-A19FD76B4B5E}.Debug|Any CPU.ActiveCfg = Debug|Any CPU
		{3CE659BD-F1A9-400D-9E76-A19FD76B4B5E}.Debug|Any CPU.Build.0 = Debug|Any CPU
		{3CE659BD-F1A9-400D-9E76-A19FD76B4B5E}.Release|Any CPU.ActiveCfg = Release|Any CPU
		{3CE659BD-F1A9-400D-9E76-A19FD76B4B5E}.Release|Any CPU.Build.0 = Release|Any CPU
	EndGlobalSection
	GlobalSection(SolutionProperties) = preSolution
		HideSolutionNode = FALSE
	EndGlobalSection
	GlobalSection(ExtensibilityGlobals) = postSolution
		SolutionGuid = {64A28A70-0E1F-4E3B-BAF9-01D79623AE00}
	EndGlobalSection
EndGlobal
